// !$*UTF8*$!
{
	archiveVersion = 1;
	classes = {
	};
	objectVersion = 77;
	objects = {

/* Begin PBXBuildFile section */
		841757F42D2C335E007C49B1 /* GoogleService-Info.plist in Resources */ = {isa = PBXBuildFile; fileRef = 841757F32D2C335E007C49B1 /* GoogleService-Info.plist */; };
		841757F92D2C3448007C49B1 /* FirebaseAuthCombine-Community in Frameworks */ = {isa = PBXBuildFile; productRef = 841757F82D2C3448007C49B1 /* FirebaseAuthCombine-Community */; };
		841757FB2D2C3448007C49B1 /* FirebaseCore in Frameworks */ = {isa = PBXBuildFile; productRef = 841757FA2D2C3448007C49B1 /* FirebaseCore */; };
		841757FD2D2C3448007C49B1 /* FirebaseDatabase in Frameworks */ = {isa = PBXBuildFile; productRef = 841757FC2D2C3448007C49B1 /* FirebaseDatabase */; };
		841757FF2D2C3448007C49B1 /* FirebaseFirestore in Frameworks */ = {isa = PBXBuildFile; productRef = 841757FE2D2C3448007C49B1 /* FirebaseFirestore */; };
		841758012D2C3448007C49B1 /* FirebaseFirestoreCombine-Community in Frameworks */ = {isa = PBXBuildFile; productRef = 841758002D2C3448007C49B1 /* FirebaseFirestoreCombine-Community */; };
		841758032D2C3448007C49B1 /* FirebaseFunctions in Frameworks */ = {isa = PBXBuildFile; productRef = 841758022D2C3448007C49B1 /* FirebaseFunctions */; };
		841758052D2C3448007C49B1 /* FirebaseRemoteConfig in Frameworks */ = {isa = PBXBuildFile; productRef = 841758042D2C3448007C49B1 /* FirebaseRemoteConfig */; };
		841758072D2C3448007C49B1 /* FirebaseStorage in Frameworks */ = {isa = PBXBuildFile; productRef = 841758062D2C3448007C49B1 /* FirebaseStorage */; };
		841758092D2C3448007C49B1 /* FirebaseStorageCombine-Community in Frameworks */ = {isa = PBXBuildFile; productRef = 841758082D2C3448007C49B1 /* FirebaseStorageCombine-Community */; };
		8417580B2D2C3CC6007C49B1 /* ColorExtension.swift in Sources */ = {isa = PBXBuildFile; fileRef = 8417580A2D2C3CC6007C49B1 /* ColorExtension.swift */; };
		8417580D2D2C4BD6007C49B1 /* Shift.swift in Sources */ = {isa = PBXBuildFile; fileRef = 8417580C2D2C4BD6007C49B1 /* Shift.swift */; };
		8417580F2D2C4C3F007C49B1 /* HomeViewModel.swift in Sources */ = {isa = PBXBuildFile; fileRef = 8417580E2D2C4C3F007C49B1 /* HomeViewModel.swift */; };
		841758112D2C4F16007C49B1 /* Event.swift in Sources */ = {isa = PBXBuildFile; fileRef = 841758102D2C4F16007C49B1 /* Event.swift */; };
		841758142D2C6447007C49B1 /* ShiftCard.swift in Sources */ = {isa = PBXBuildFile; fileRef = 841758132D2C6447007C49B1 /* ShiftCard.swift */; };
		841758162D2C65D8007C49B1 /* UserService.swift in Sources */ = {isa = PBXBuildFile; fileRef = 841758152D2C65D8007C49B1 /* UserService.swift */; };
		841758182D2C65F7007C49B1 /* User.swift in Sources */ = {isa = PBXBuildFile; fileRef = 841758172D2C65F7007C49B1 /* User.swift */; };
		8417581A2D2D35AA007C49B1 /* EventCard.swift in Sources */ = {isa = PBXBuildFile; fileRef = 841758192D2D35AA007C49B1 /* EventCard.swift */; };
		842FFCFF2D37E27A00CC944D /* ShiftService.swift in Sources */ = {isa = PBXBuildFile; fileRef = 842FFCFE2D37E27500CC944D /* ShiftService.swift */; };
		84326CDF2CF4A50B00530CD6 /* TabBar.swift in Sources */ = {isa = PBXBuildFile; fileRef = 84326CDE2CF4A50B00530CD6 /* TabBar.swift */; };
		84326CE12CF4A53400530CD6 /* CalendarScreen.swift in Sources */ = {isa = PBXBuildFile; fileRef = 84326CE02CF4A53400530CD6 /* CalendarScreen.swift */; };
		84326CE32CF4A54B00530CD6 /* AvailabilityScreen.swift in Sources */ = {isa = PBXBuildFile; fileRef = 84326CE22CF4A54B00530CD6 /* AvailabilityScreen.swift */; };
		84326CE52CF4A56800530CD6 /* ProfileScreen.swift in Sources */ = {isa = PBXBuildFile; fileRef = 84326CE42CF4A56800530CD6 /* ProfileScreen.swift */; };
		84326CE72CF4AD7900530CD6 /* CalendarTabSelector.swift in Sources */ = {isa = PBXBuildFile; fileRef = 84326CE62CF4AD7900530CD6 /* CalendarTabSelector.swift */; };
		84326CE92CF4B10F00530CD6 /* CalendarViewModel.swift in Sources */ = {isa = PBXBuildFile; fileRef = 84326CE82CF4B10F00530CD6 /* CalendarViewModel.swift */; };
		843D8A212D00887800C9CAD3 /* AvailabilityModal.swift in Sources */ = {isa = PBXBuildFile; fileRef = 843D8A202D00887800C9CAD3 /* AvailabilityModal.swift */; };
		845BF6542CF5F04100C06EF9 /* DummyData.swift in Sources */ = {isa = PBXBuildFile; fileRef = 845BF6532CF5F04100C06EF9 /* DummyData.swift */; };
		845BF6562CF5F0CA00C06EF9 /* WeekSelector.swift in Sources */ = {isa = PBXBuildFile; fileRef = 845BF6552CF5F0CA00C06EF9 /* WeekSelector.swift */; };
		845BF6582CF5F0E000C06EF9 /* FullCalendar.swift in Sources */ = {isa = PBXBuildFile; fileRef = 845BF6572CF5F0E000C06EF9 /* FullCalendar.swift */; };
		845BF65C2CF5F70700C06EF9 /* DateExtension.swift in Sources */ = {isa = PBXBuildFile; fileRef = 845BF65B2CF5F70700C06EF9 /* DateExtension.swift */; };
		84718BD32D2EAB9400313320 /* ProfileViewModel.swift in Sources */ = {isa = PBXBuildFile; fileRef = 84718BD22D2EAB9300313320 /* ProfileViewModel.swift */; };
		84718BD72D2EBC0C00313320 /* LaunchScreen.swift in Sources */ = {isa = PBXBuildFile; fileRef = 84718BD62D2EBC0C00313320 /* LaunchScreen.swift */; };
		84718BD92D2EC0A300313320 /* Launch Screen.storyboard in Resources */ = {isa = PBXBuildFile; fileRef = 84718BD82D2EC0A300313320 /* Launch Screen.storyboard */; };
		84718BDB2D2EF5B300313320 /* DetailRow.swift in Sources */ = {isa = PBXBuildFile; fileRef = 84718BDA2D2EF5B300313320 /* DetailRow.swift */; };
		84718BDD2D2EF5D000313320 /* EmployeeCard.swift in Sources */ = {isa = PBXBuildFile; fileRef = 84718BDC2D2EF5D000313320 /* EmployeeCard.swift */; };
		84718BDF2D2EF78000313320 /* HeaderViewModel.swift in Sources */ = {isa = PBXBuildFile; fileRef = 84718BDE2D2EF78000313320 /* HeaderViewModel.swift */; };
		84718BE12D30405A00313320 /* EventDetailScreen.swift in Sources */ = {isa = PBXBuildFile; fileRef = 84718BE02D30405A00313320 /* EventDetailScreen.swift */; };
		84718BE32D3062AF00313320 /* TaskViewModel.swift in Sources */ = {isa = PBXBuildFile; fileRef = 84718BE22D3062AF00313320 /* TaskViewModel.swift */; };
		84718BE52D30631E00313320 /* Task.swift in Sources */ = {isa = PBXBuildFile; fileRef = 84718BE42D30631E00313320 /* Task.swift */; };
		84718BE92D318ADF00313320 /* ImagePicker.swift in Sources */ = {isa = PBXBuildFile; fileRef = 84718BE82D318ADF00313320 /* ImagePicker.swift */; };
		84718BEB2D32AAB800313320 /* ArrayExtension.swift in Sources */ = {isa = PBXBuildFile; fileRef = 84718BEA2D32AAB800313320 /* ArrayExtension.swift */; };
		84718BED2D32B03800313320 /* FullCalendarViewModel.swift in Sources */ = {isa = PBXBuildFile; fileRef = 84718BEC2D32B03800313320 /* FullCalendarViewModel.swift */; };
		84718BEF2D33FB1400313320 /* CalendarService.swift in Sources */ = {isa = PBXBuildFile; fileRef = 84718BEE2D33FB1400313320 /* CalendarService.swift */; };
		847834872D078B6900C0E87D /* TaskScreen.swift in Sources */ = {isa = PBXBuildFile; fileRef = 847834862D078B6900C0E87D /* TaskScreen.swift */; };
		847834892D078B9000C0E87D /* TaskItem.swift in Sources */ = {isa = PBXBuildFile; fileRef = 847834882D078B9000C0E87D /* TaskItem.swift */; };
		8478348B2D078BF700C0E87D /* EmployeeListItem.swift in Sources */ = {isa = PBXBuildFile; fileRef = 8478348A2D078BF700C0E87D /* EmployeeListItem.swift */; };
		8478348D2D07940A00C0E87D /* CircularProgressView.swift in Sources */ = {isa = PBXBuildFile; fileRef = 8478348C2D07940A00C0E87D /* CircularProgressView.swift */; };
		849201932CF72339003F0E3B /* ShiftDetailScreen.swift in Sources */ = {isa = PBXBuildFile; fileRef = 849201922CF72339003F0E3B /* ShiftDetailScreen.swift */; };
		849201952CF7403F003F0E3B /* AvailabilityViewModel.swift in Sources */ = {isa = PBXBuildFile; fileRef = 849201942CF7403F003F0E3B /* AvailabilityViewModel.swift */; };
		84CDC8CA2CF61BA0004BF3D8 /* APIClient.swift in Sources */ = {isa = PBXBuildFile; fileRef = 84CDC8C92CF61BA0004BF3D8 /* APIClient.swift */; };
		84D91F8B2D2D5654001201EC /* Availability.swift in Sources */ = {isa = PBXBuildFile; fileRef = 84D91F8A2D2D5654001201EC /* Availability.swift */; };
		84D91F8D2D2D6E2D001201EC /* ToastNotification.swift in Sources */ = {isa = PBXBuildFile; fileRef = 84D91F8C2D2D6E2D001201EC /* ToastNotification.swift */; };
		84D91F8F2D2D6F4C001201EC /* Helper.swift in Sources */ = {isa = PBXBuildFile; fileRef = 84D91F8E2D2D6F4C001201EC /* Helper.swift */; };
		84D91F9D2D2D91A6001201EC /* colby-medium.ttf in Resources */ = {isa = PBXBuildFile; fileRef = 84D91F9C2D2D91A6001201EC /* colby-medium.ttf */; };
		84D91F9F2D2D91BA001201EC /* FontExtension.swift in Sources */ = {isa = PBXBuildFile; fileRef = 84D91F9E2D2D91BA001201EC /* FontExtension.swift */; };
		84D91FA12D2D93EC001201EC /* FirebaseAuth in Frameworks */ = {isa = PBXBuildFile; productRef = 84D91FA02D2D93EC001201EC /* FirebaseAuth */; };
		84DA9A342CE60EA400B9B713 /* Employee_ManagementApp.swift in Sources */ = {isa = PBXBuildFile; fileRef = 84DA9A332CE60EA400B9B713 /* Employee_ManagementApp.swift */; };
		84DA9A362CE60EA400B9B713 /* ContentView.swift in Sources */ = {isa = PBXBuildFile; fileRef = 84DA9A352CE60EA400B9B713 /* ContentView.swift */; };
		84DA9A382CE60EA500B9B713 /* Assets.xcassets in Resources */ = {isa = PBXBuildFile; fileRef = 84DA9A372CE60EA500B9B713 /* Assets.xcassets */; };
		84DA9A3B2CE60EA500B9B713 /* Preview Assets.xcassets in Resources */ = {isa = PBXBuildFile; fileRef = 84DA9A3A2CE60EA500B9B713 /* Preview Assets.xcassets */; };
		84DA9A432CE6105000B9B713 /* Colors.swift in Sources */ = {isa = PBXBuildFile; fileRef = 84DA9A422CE6105000B9B713 /* Colors.swift */; };
		84DA9A462CE6108200B9B713 /* LoginScreen.swift in Sources */ = {isa = PBXBuildFile; fileRef = 84DA9A452CE6108200B9B713 /* LoginScreen.swift */; };
		84E5318E2CE777CA002EC7FB /* AuthViewModel.swift in Sources */ = {isa = PBXBuildFile; fileRef = 84E5318D2CE777CA002EC7FB /* AuthViewModel.swift */; };
		84E531902CE7789B002EC7FB /* HomeScreen.swift in Sources */ = {isa = PBXBuildFile; fileRef = 84E5318F2CE7789B002EC7FB /* HomeScreen.swift */; };
		84EAA53E2CEB91FB0018A5FA /* Header.swift in Sources */ = {isa = PBXBuildFile; fileRef = 84EAA53D2CEB91FB0018A5FA /* Header.swift */; };
		84EAA5422CEB9EE10018A5FA /* mindset-regular.ttf in Resources */ = {isa = PBXBuildFile; fileRef = 84EAA5412CEB9E630018A5FA /* mindset-regular.ttf */; };
		84EAA5442CEB9F5B0018A5FA /* Fonts.swift in Sources */ = {isa = PBXBuildFile; fileRef = 84EAA5432CEB9F5B0018A5FA /* Fonts.swift */; };
/* End PBXBuildFile section */

/* Begin PBXFileReference section */
		841757F32D2C335E007C49B1 /* GoogleService-Info.plist */ = {isa = PBXFileReference; fileEncoding = 4; lastKnownFileType = text.plist.xml; path = "GoogleService-Info.plist"; sourceTree = "<group>"; };
		8417580A2D2C3CC6007C49B1 /* ColorExtension.swift */ = {isa = PBXFileReference; lastKnownFileType = sourcecode.swift; path = ColorExtension.swift; sourceTree = "<group>"; };
		8417580C2D2C4BD6007C49B1 /* Shift.swift */ = {isa = PBXFileReference; lastKnownFileType = sourcecode.swift; path = Shift.swift; sourceTree = "<group>"; };
		8417580E2D2C4C3F007C49B1 /* HomeViewModel.swift */ = {isa = PBXFileReference; lastKnownFileType = sourcecode.swift; path = HomeViewModel.swift; sourceTree = "<group>"; };
		841758102D2C4F16007C49B1 /* Event.swift */ = {isa = PBXFileReference; lastKnownFileType = sourcecode.swift; path = Event.swift; sourceTree = "<group>"; };
		841758132D2C6447007C49B1 /* ShiftCard.swift */ = {isa = PBXFileReference; lastKnownFileType = sourcecode.swift; path = ShiftCard.swift; sourceTree = "<group>"; };
		841758152D2C65D8007C49B1 /* UserService.swift */ = {isa = PBXFileReference; lastKnownFileType = sourcecode.swift; path = UserService.swift; sourceTree = "<group>"; };
		841758172D2C65F7007C49B1 /* User.swift */ = {isa = PBXFileReference; lastKnownFileType = sourcecode.swift; path = User.swift; sourceTree = "<group>"; };
		841758192D2D35AA007C49B1 /* EventCard.swift */ = {isa = PBXFileReference; lastKnownFileType = sourcecode.swift; path = EventCard.swift; sourceTree = "<group>"; };
		842FFCFE2D37E27500CC944D /* ShiftService.swift */ = {isa = PBXFileReference; lastKnownFileType = sourcecode.swift; path = ShiftService.swift; sourceTree = "<group>"; };
		84326CDE2CF4A50B00530CD6 /* TabBar.swift */ = {isa = PBXFileReference; lastKnownFileType = sourcecode.swift; path = TabBar.swift; sourceTree = "<group>"; };
		84326CE02CF4A53400530CD6 /* CalendarScreen.swift */ = {isa = PBXFileReference; lastKnownFileType = sourcecode.swift; path = CalendarScreen.swift; sourceTree = "<group>"; };
		84326CE22CF4A54B00530CD6 /* AvailabilityScreen.swift */ = {isa = PBXFileReference; lastKnownFileType = sourcecode.swift; path = AvailabilityScreen.swift; sourceTree = "<group>"; };
		84326CE42CF4A56800530CD6 /* ProfileScreen.swift */ = {isa = PBXFileReference; lastKnownFileType = sourcecode.swift; path = ProfileScreen.swift; sourceTree = "<group>"; };
		84326CE62CF4AD7900530CD6 /* CalendarTabSelector.swift */ = {isa = PBXFileReference; lastKnownFileType = sourcecode.swift; path = CalendarTabSelector.swift; sourceTree = "<group>"; };
		84326CE82CF4B10F00530CD6 /* CalendarViewModel.swift */ = {isa = PBXFileReference; lastKnownFileType = sourcecode.swift; path = CalendarViewModel.swift; sourceTree = "<group>"; };
		843D8A202D00887800C9CAD3 /* AvailabilityModal.swift */ = {isa = PBXFileReference; lastKnownFileType = sourcecode.swift; path = AvailabilityModal.swift; sourceTree = "<group>"; };
		845BF6532CF5F04100C06EF9 /* DummyData.swift */ = {isa = PBXFileReference; lastKnownFileType = sourcecode.swift; path = DummyData.swift; sourceTree = "<group>"; };
		845BF6552CF5F0CA00C06EF9 /* WeekSelector.swift */ = {isa = PBXFileReference; lastKnownFileType = sourcecode.swift; path = WeekSelector.swift; sourceTree = "<group>"; };
		845BF6572CF5F0E000C06EF9 /* FullCalendar.swift */ = {isa = PBXFileReference; lastKnownFileType = sourcecode.swift; path = FullCalendar.swift; sourceTree = "<group>"; };
		845BF65B2CF5F70700C06EF9 /* DateExtension.swift */ = {isa = PBXFileReference; lastKnownFileType = sourcecode.swift; path = DateExtension.swift; sourceTree = "<group>"; };
		84718BD22D2EAB9300313320 /* ProfileViewModel.swift */ = {isa = PBXFileReference; lastKnownFileType = sourcecode.swift; path = ProfileViewModel.swift; sourceTree = "<group>"; };
		84718BD62D2EBC0C00313320 /* LaunchScreen.swift */ = {isa = PBXFileReference; lastKnownFileType = sourcecode.swift; path = LaunchScreen.swift; sourceTree = "<group>"; };
		84718BD82D2EC0A300313320 /* Launch Screen.storyboard */ = {isa = PBXFileReference; lastKnownFileType = file.storyboard; path = "Launch Screen.storyboard"; sourceTree = "<group>"; };
		84718BDA2D2EF5B300313320 /* DetailRow.swift */ = {isa = PBXFileReference; lastKnownFileType = sourcecode.swift; path = DetailRow.swift; sourceTree = "<group>"; };
		84718BDC2D2EF5D000313320 /* EmployeeCard.swift */ = {isa = PBXFileReference; lastKnownFileType = sourcecode.swift; path = EmployeeCard.swift; sourceTree = "<group>"; };
		84718BDE2D2EF78000313320 /* HeaderViewModel.swift */ = {isa = PBXFileReference; lastKnownFileType = sourcecode.swift; path = HeaderViewModel.swift; sourceTree = "<group>"; };
		84718BE02D30405A00313320 /* EventDetailScreen.swift */ = {isa = PBXFileReference; lastKnownFileType = sourcecode.swift; path = EventDetailScreen.swift; sourceTree = "<group>"; };
		84718BE22D3062AF00313320 /* TaskViewModel.swift */ = {isa = PBXFileReference; lastKnownFileType = sourcecode.swift; path = TaskViewModel.swift; sourceTree = "<group>"; };
		84718BE42D30631E00313320 /* Task.swift */ = {isa = PBXFileReference; lastKnownFileType = sourcecode.swift; path = Task.swift; sourceTree = "<group>"; };
		84718BE82D318ADF00313320 /* ImagePicker.swift */ = {isa = PBXFileReference; lastKnownFileType = sourcecode.swift; path = ImagePicker.swift; sourceTree = "<group>"; };
		84718BEA2D32AAB800313320 /* ArrayExtension.swift */ = {isa = PBXFileReference; lastKnownFileType = sourcecode.swift; path = ArrayExtension.swift; sourceTree = "<group>"; };
		84718BEC2D32B03800313320 /* FullCalendarViewModel.swift */ = {isa = PBXFileReference; lastKnownFileType = sourcecode.swift; path = FullCalendarViewModel.swift; sourceTree = "<group>"; };
		84718BEE2D33FB1400313320 /* CalendarService.swift */ = {isa = PBXFileReference; lastKnownFileType = sourcecode.swift; path = CalendarService.swift; sourceTree = "<group>"; };
		847834862D078B6900C0E87D /* TaskScreen.swift */ = {isa = PBXFileReference; lastKnownFileType = sourcecode.swift; path = TaskScreen.swift; sourceTree = "<group>"; };
		847834882D078B9000C0E87D /* TaskItem.swift */ = {isa = PBXFileReference; lastKnownFileType = sourcecode.swift; path = TaskItem.swift; sourceTree = "<group>"; };
		8478348A2D078BF700C0E87D /* EmployeeListItem.swift */ = {isa = PBXFileReference; lastKnownFileType = sourcecode.swift; path = EmployeeListItem.swift; sourceTree = "<group>"; };
		8478348C2D07940A00C0E87D /* CircularProgressView.swift */ = {isa = PBXFileReference; lastKnownFileType = sourcecode.swift; path = CircularProgressView.swift; sourceTree = "<group>"; };
		849201922CF72339003F0E3B /* ShiftDetailScreen.swift */ = {isa = PBXFileReference; lastKnownFileType = sourcecode.swift; path = ShiftDetailScreen.swift; sourceTree = "<group>"; };
		849201942CF7403F003F0E3B /* AvailabilityViewModel.swift */ = {isa = PBXFileReference; lastKnownFileType = sourcecode.swift; path = AvailabilityViewModel.swift; sourceTree = "<group>"; };
		84CDC8C92CF61BA0004BF3D8 /* APIClient.swift */ = {isa = PBXFileReference; lastKnownFileType = sourcecode.swift; path = APIClient.swift; sourceTree = "<group>"; };
		84D91F8A2D2D5654001201EC /* Availability.swift */ = {isa = PBXFileReference; lastKnownFileType = sourcecode.swift; path = Availability.swift; sourceTree = "<group>"; };
		84D91F8C2D2D6E2D001201EC /* ToastNotification.swift */ = {isa = PBXFileReference; lastKnownFileType = sourcecode.swift; path = ToastNotification.swift; sourceTree = "<group>"; };
		84D91F8E2D2D6F4C001201EC /* Helper.swift */ = {isa = PBXFileReference; lastKnownFileType = sourcecode.swift; path = Helper.swift; sourceTree = "<group>"; };
		84D91F9C2D2D91A6001201EC /* colby-medium.ttf */ = {isa = PBXFileReference; lastKnownFileType = file; path = "colby-medium.ttf"; sourceTree = "<group>"; };
		84D91F9E2D2D91BA001201EC /* FontExtension.swift */ = {isa = PBXFileReference; lastKnownFileType = sourcecode.swift; path = FontExtension.swift; sourceTree = "<group>"; };
		84DA9A302CE60EA400B9B713 /* Employee Management.app */ = {isa = PBXFileReference; explicitFileType = wrapper.application; includeInIndex = 0; path = "Employee Management.app"; sourceTree = BUILT_PRODUCTS_DIR; };
		84DA9A332CE60EA400B9B713 /* Employee_ManagementApp.swift */ = {isa = PBXFileReference; lastKnownFileType = sourcecode.swift; path = Employee_ManagementApp.swift; sourceTree = "<group>"; };
		84DA9A352CE60EA400B9B713 /* ContentView.swift */ = {isa = PBXFileReference; lastKnownFileType = sourcecode.swift; path = ContentView.swift; sourceTree = "<group>"; };
		84DA9A372CE60EA500B9B713 /* Assets.xcassets */ = {isa = PBXFileReference; lastKnownFileType = folder.assetcatalog; path = Assets.xcassets; sourceTree = "<group>"; };
		84DA9A3A2CE60EA500B9B713 /* Preview Assets.xcassets */ = {isa = PBXFileReference; lastKnownFileType = folder.assetcatalog; path = "Preview Assets.xcassets"; sourceTree = "<group>"; };
		84DA9A422CE6105000B9B713 /* Colors.swift */ = {isa = PBXFileReference; lastKnownFileType = sourcecode.swift; path = Colors.swift; sourceTree = "<group>"; };
		84DA9A452CE6108200B9B713 /* LoginScreen.swift */ = {isa = PBXFileReference; lastKnownFileType = sourcecode.swift; path = LoginScreen.swift; sourceTree = "<group>"; };
		84E5318D2CE777CA002EC7FB /* AuthViewModel.swift */ = {isa = PBXFileReference; lastKnownFileType = sourcecode.swift; path = AuthViewModel.swift; sourceTree = "<group>"; };
		84E5318F2CE7789B002EC7FB /* HomeScreen.swift */ = {isa = PBXFileReference; lastKnownFileType = sourcecode.swift; path = HomeScreen.swift; sourceTree = "<group>"; };
		84EAA53D2CEB91FB0018A5FA /* Header.swift */ = {isa = PBXFileReference; lastKnownFileType = sourcecode.swift; path = Header.swift; sourceTree = "<group>"; };
		84EAA53F2CEB9BFD0018A5FA /* Employee-Management-Info.plist */ = {isa = PBXFileReference; lastKnownFileType = text.plist; path = "Employee-Management-Info.plist"; sourceTree = SOURCE_ROOT; };
		84EAA5412CEB9E630018A5FA /* mindset-regular.ttf */ = {isa = PBXFileReference; lastKnownFileType = file; path = "mindset-regular.ttf"; sourceTree = "<group>"; };
		84EAA5432CEB9F5B0018A5FA /* Fonts.swift */ = {isa = PBXFileReference; lastKnownFileType = sourcecode.swift; path = Fonts.swift; sourceTree = "<group>"; };
/* End PBXFileReference section */

/* Begin PBXFrameworksBuildPhase section */
		84DA9A2D2CE60EA400B9B713 /* Frameworks */ = {
			isa = PBXFrameworksBuildPhase;
			buildActionMask = 2147483647;
			files = (
				841758032D2C3448007C49B1 /* FirebaseFunctions in Frameworks */,
				84D91FA12D2D93EC001201EC /* FirebaseAuth in Frameworks */,
				841758092D2C3448007C49B1 /* FirebaseStorageCombine-Community in Frameworks */,
				841758072D2C3448007C49B1 /* FirebaseStorage in Frameworks */,
				841757FB2D2C3448007C49B1 /* FirebaseCore in Frameworks */,
				841757FD2D2C3448007C49B1 /* FirebaseDatabase in Frameworks */,
				841758012D2C3448007C49B1 /* FirebaseFirestoreCombine-Community in Frameworks */,
				841757FF2D2C3448007C49B1 /* FirebaseFirestore in Frameworks */,
				841757F92D2C3448007C49B1 /* FirebaseAuthCombine-Community in Frameworks */,
				841758052D2C3448007C49B1 /* FirebaseRemoteConfig in Frameworks */,
			);
			runOnlyForDeploymentPostprocessing = 0;
		};
/* End PBXFrameworksBuildPhase section */

/* Begin PBXGroup section */
		841758122D2C5E93007C49B1 /* Frameworks */ = {
			isa = PBXGroup;
			children = (
			);
			name = Frameworks;
			sourceTree = "<group>";
		};
		845BF6522CF5F03200C06EF9 /* Models */ = {
			isa = PBXGroup;
			children = (
				845BF6532CF5F04100C06EF9 /* DummyData.swift */,
				8417580C2D2C4BD6007C49B1 /* Shift.swift */,
				841758102D2C4F16007C49B1 /* Event.swift */,
				841758172D2C65F7007C49B1 /* User.swift */,
				84D91F8A2D2D5654001201EC /* Availability.swift */,
				84718BE42D30631E00313320 /* Task.swift */,
			);
			path = Models;
			sourceTree = "<group>";
		};
		845BF65A2CF5F6FD00C06EF9 /* Extensions */ = {
			isa = PBXGroup;
			children = (
				845BF65B2CF5F70700C06EF9 /* DateExtension.swift */,
				8417580A2D2C3CC6007C49B1 /* ColorExtension.swift */,
				84D91F9E2D2D91BA001201EC /* FontExtension.swift */,
				84718BEA2D32AAB800313320 /* ArrayExtension.swift */,
			);
			path = Extensions;
			sourceTree = "<group>";
		};
		8478348E2D08C37A00C0E87D /* Services */ = {
			isa = PBXGroup;
			children = (
				842FFCFE2D37E27500CC944D /* ShiftService.swift */,
				841758152D2C65D8007C49B1 /* UserService.swift */,
				84718BEE2D33FB1400313320 /* CalendarService.swift */,
			);
			path = Services;
			sourceTree = "<group>";
		};
		84DA9A272CE60EA400B9B713 = {
			isa = PBXGroup;
			children = (
				84DA9A322CE60EA400B9B713 /* Employee Management */,
				84DA9A312CE60EA400B9B713 /* Products */,
				841758122D2C5E93007C49B1 /* Frameworks */,
			);
			sourceTree = "<group>";
		};
		84DA9A312CE60EA400B9B713 /* Products */ = {
			isa = PBXGroup;
			children = (
				84DA9A302CE60EA400B9B713 /* Employee Management.app */,
			);
			name = Products;
			sourceTree = "<group>";
		};
		84DA9A322CE60EA400B9B713 /* Employee Management */ = {
			isa = PBXGroup;
			children = (
				841757F32D2C335E007C49B1 /* GoogleService-Info.plist */,
				8478348E2D08C37A00C0E87D /* Services */,
				845BF65A2CF5F6FD00C06EF9 /* Extensions */,
				845BF6522CF5F03200C06EF9 /* Models */,
				84EAA5402CEB9E560018A5FA /* Fonts */,
				84EAA53F2CEB9BFD0018A5FA /* Employee-Management-Info.plist */,
				84EAA53C2CEB91E70018A5FA /* Components */,
				84E5318C2CE777B2002EC7FB /* ViewModels */,
				84DA9A442CE6106A00B9B713 /* Screens */,
				84DA9A412CE6103F00B9B713 /* Constants */,
				84DA9A332CE60EA400B9B713 /* Employee_ManagementApp.swift */,
				84DA9A352CE60EA400B9B713 /* ContentView.swift */,
				84DA9A372CE60EA500B9B713 /* Assets.xcassets */,
				84DA9A392CE60EA500B9B713 /* Preview Content */,
				84CDC8C92CF61BA0004BF3D8 /* APIClient.swift */,
				84D91F8E2D2D6F4C001201EC /* Helper.swift */,
				84718BD82D2EC0A300313320 /* Launch Screen.storyboard */,
			);
			path = "Employee Management";
			sourceTree = "<group>";
		};
		84DA9A392CE60EA500B9B713 /* Preview Content */ = {
			isa = PBXGroup;
			children = (
				84DA9A3A2CE60EA500B9B713 /* Preview Assets.xcassets */,
			);
			path = "Preview Content";
			sourceTree = "<group>";
		};
		84DA9A412CE6103F00B9B713 /* Constants */ = {
			isa = PBXGroup;
			children = (
				84DA9A422CE6105000B9B713 /* Colors.swift */,
				84EAA5432CEB9F5B0018A5FA /* Fonts.swift */,
			);
			path = Constants;
			sourceTree = "<group>";
		};
		84DA9A442CE6106A00B9B713 /* Screens */ = {
			isa = PBXGroup;
			children = (
				84DA9A452CE6108200B9B713 /* LoginScreen.swift */,
				84E5318F2CE7789B002EC7FB /* HomeScreen.swift */,
				84326CE02CF4A53400530CD6 /* CalendarScreen.swift */,
				84326CE22CF4A54B00530CD6 /* AvailabilityScreen.swift */,
				84326CE42CF4A56800530CD6 /* ProfileScreen.swift */,
				849201922CF72339003F0E3B /* ShiftDetailScreen.swift */,
				847834862D078B6900C0E87D /* TaskScreen.swift */,
				84718BD62D2EBC0C00313320 /* LaunchScreen.swift */,
				84718BE02D30405A00313320 /* EventDetailScreen.swift */,
			);
			path = Screens;
			sourceTree = "<group>";
		};
		84E5318C2CE777B2002EC7FB /* ViewModels */ = {
			isa = PBXGroup;
			children = (
				84E5318D2CE777CA002EC7FB /* AuthViewModel.swift */,
				84326CE82CF4B10F00530CD6 /* CalendarViewModel.swift */,
				849201942CF7403F003F0E3B /* AvailabilityViewModel.swift */,
				8417580E2D2C4C3F007C49B1 /* HomeViewModel.swift */,
				84718BD22D2EAB9300313320 /* ProfileViewModel.swift */,
				84718BDE2D2EF78000313320 /* HeaderViewModel.swift */,
				84718BE22D3062AF00313320 /* TaskViewModel.swift */,
				84718BEC2D32B03800313320 /* FullCalendarViewModel.swift */,
			);
			path = ViewModels;
			sourceTree = "<group>";
		};
		84EAA53C2CEB91E70018A5FA /* Components */ = {
			isa = PBXGroup;
			children = (
				84EAA53D2CEB91FB0018A5FA /* Header.swift */,
				84326CDE2CF4A50B00530CD6 /* TabBar.swift */,
				84326CE62CF4AD7900530CD6 /* CalendarTabSelector.swift */,
				845BF6552CF5F0CA00C06EF9 /* WeekSelector.swift */,
				845BF6572CF5F0E000C06EF9 /* FullCalendar.swift */,
				843D8A202D00887800C9CAD3 /* AvailabilityModal.swift */,
				847834882D078B9000C0E87D /* TaskItem.swift */,
				8478348A2D078BF700C0E87D /* EmployeeListItem.swift */,
				8478348C2D07940A00C0E87D /* CircularProgressView.swift */,
				841758132D2C6447007C49B1 /* ShiftCard.swift */,
				841758192D2D35AA007C49B1 /* EventCard.swift */,
				84D91F8C2D2D6E2D001201EC /* ToastNotification.swift */,
				84718BDA2D2EF5B300313320 /* DetailRow.swift */,
				84718BDC2D2EF5D000313320 /* EmployeeCard.swift */,
				84718BE82D318ADF00313320 /* ImagePicker.swift */,
			);
			path = Components;
			sourceTree = "<group>";
		};
		84EAA5402CEB9E560018A5FA /* Fonts */ = {
			isa = PBXGroup;
			children = (
				84D91F9C2D2D91A6001201EC /* colby-medium.ttf */,
				84EAA5412CEB9E630018A5FA /* mindset-regular.ttf */,
			);
			path = Fonts;
			sourceTree = "<group>";
		};
/* End PBXGroup section */

/* Begin PBXNativeTarget section */
		84DA9A2F2CE60EA400B9B713 /* Employee Management */ = {
			isa = PBXNativeTarget;
			buildConfigurationList = 84DA9A3E2CE60EA500B9B713 /* Build configuration list for PBXNativeTarget "Employee Management" */;
			buildPhases = (
				84DA9A2C2CE60EA400B9B713 /* Sources */,
				84DA9A2D2CE60EA400B9B713 /* Frameworks */,
				84DA9A2E2CE60EA400B9B713 /* Resources */,
			);
			buildRules = (
			);
			dependencies = (
			);
			name = "Employee Management";
			packageProductDependencies = (
				841757F82D2C3448007C49B1 /* FirebaseAuthCombine-Community */,
				841757FA2D2C3448007C49B1 /* FirebaseCore */,
				841757FC2D2C3448007C49B1 /* FirebaseDatabase */,
				841757FE2D2C3448007C49B1 /* FirebaseFirestore */,
				841758002D2C3448007C49B1 /* FirebaseFirestoreCombine-Community */,
				841758022D2C3448007C49B1 /* FirebaseFunctions */,
				841758042D2C3448007C49B1 /* FirebaseRemoteConfig */,
				841758062D2C3448007C49B1 /* FirebaseStorage */,
				841758082D2C3448007C49B1 /* FirebaseStorageCombine-Community */,
				84D91FA02D2D93EC001201EC /* FirebaseAuth */,
			);
			productName = "Employee Management";
			productReference = 84DA9A302CE60EA400B9B713 /* Employee Management.app */;
			productType = "com.apple.product-type.application";
		};
/* End PBXNativeTarget section */

/* Begin PBXProject section */
		84DA9A282CE60EA400B9B713 /* Project object */ = {
			isa = PBXProject;
			attributes = {
				BuildIndependentTargetsInParallel = 1;
				LastSwiftUpdateCheck = 1540;
				LastUpgradeCheck = 1540;
				TargetAttributes = {
					84DA9A2F2CE60EA400B9B713 = {
						CreatedOnToolsVersion = 15.4;
					};
				};
			};
			buildConfigurationList = 84DA9A2B2CE60EA400B9B713 /* Build configuration list for PBXProject "Employee Management" */;
			developmentRegion = en;
			hasScannedForEncodings = 0;
			knownRegions = (
				en,
				Base,
			);
			mainGroup = 84DA9A272CE60EA400B9B713;
			packageReferences = (
				841757F52D2C3448007C49B1 /* XCRemoteSwiftPackageReference "firebase-ios-sdk" */,
			);
			preferredProjectObjectVersion = 77;
			productRefGroup = 84DA9A312CE60EA400B9B713 /* Products */;
			projectDirPath = "";
			projectRoot = "";
			targets = (
				84DA9A2F2CE60EA400B9B713 /* Employee Management */,
			);
		};
/* End PBXProject section */

/* Begin PBXResourcesBuildPhase section */
		84DA9A2E2CE60EA400B9B713 /* Resources */ = {
			isa = PBXResourcesBuildPhase;
			buildActionMask = 2147483647;
			files = (
				84718BD92D2EC0A300313320 /* Launch Screen.storyboard in Resources */,
				841757F42D2C335E007C49B1 /* GoogleService-Info.plist in Resources */,
				84DA9A3B2CE60EA500B9B713 /* Preview Assets.xcassets in Resources */,
				84EAA5422CEB9EE10018A5FA /* mindset-regular.ttf in Resources */,
				84D91F9D2D2D91A6001201EC /* colby-medium.ttf in Resources */,
				84DA9A382CE60EA500B9B713 /* Assets.xcassets in Resources */,
			);
			runOnlyForDeploymentPostprocessing = 0;
		};
/* End PBXResourcesBuildPhase section */

/* Begin PBXSourcesBuildPhase section */
		84DA9A2C2CE60EA400B9B713 /* Sources */ = {
			isa = PBXSourcesBuildPhase;
			buildActionMask = 2147483647;
			files = (
				847834872D078B6900C0E87D /* TaskScreen.swift in Sources */,
				84326CDF2CF4A50B00530CD6 /* TabBar.swift in Sources */,
				841758142D2C6447007C49B1 /* ShiftCard.swift in Sources */,
				84EAA5442CEB9F5B0018A5FA /* Fonts.swift in Sources */,
				84326CE72CF4AD7900530CD6 /* CalendarTabSelector.swift in Sources */,
				845BF6542CF5F04100C06EF9 /* DummyData.swift in Sources */,
				84DA9A362CE60EA400B9B713 /* ContentView.swift in Sources */,
				84718BE12D30405A00313320 /* EventDetailScreen.swift in Sources */,
				84DA9A432CE6105000B9B713 /* Colors.swift in Sources */,
				84CDC8CA2CF61BA0004BF3D8 /* APIClient.swift in Sources */,
				8417581A2D2D35AA007C49B1 /* EventCard.swift in Sources */,
				84718BD72D2EBC0C00313320 /* LaunchScreen.swift in Sources */,
				849201932CF72339003F0E3B /* ShiftDetailScreen.swift in Sources */,
				843D8A212D00887800C9CAD3 /* AvailabilityModal.swift in Sources */,
				84D91F8B2D2D5654001201EC /* Availability.swift in Sources */,
				84DA9A462CE6108200B9B713 /* LoginScreen.swift in Sources */,
				84718BD32D2EAB9400313320 /* ProfileViewModel.swift in Sources */,
				845BF65C2CF5F70700C06EF9 /* DateExtension.swift in Sources */,
				84718BEB2D32AAB800313320 /* ArrayExtension.swift in Sources */,
				84718BED2D32B03800313320 /* FullCalendarViewModel.swift in Sources */,
				84718BDB2D2EF5B300313320 /* DetailRow.swift in Sources */,
				84718BDD2D2EF5D000313320 /* EmployeeCard.swift in Sources */,
				84326CE92CF4B10F00530CD6 /* CalendarViewModel.swift in Sources */,
				841758112D2C4F16007C49B1 /* Event.swift in Sources */,
				84718BDF2D2EF78000313320 /* HeaderViewModel.swift in Sources */,
				8417580F2D2C4C3F007C49B1 /* HomeViewModel.swift in Sources */,
				84E531902CE7789B002EC7FB /* HomeScreen.swift in Sources */,
				84718BE32D3062AF00313320 /* TaskViewModel.swift in Sources */,
				84718BE52D30631E00313320 /* Task.swift in Sources */,
				841758162D2C65D8007C49B1 /* UserService.swift in Sources */,
				845BF6582CF5F0E000C06EF9 /* FullCalendar.swift in Sources */,
				84E5318E2CE777CA002EC7FB /* AuthViewModel.swift in Sources */,
				845BF6562CF5F0CA00C06EF9 /* WeekSelector.swift in Sources */,
				849201952CF7403F003F0E3B /* AvailabilityViewModel.swift in Sources */,
				84D91F9F2D2D91BA001201EC /* FontExtension.swift in Sources */,
				84326CE52CF4A56800530CD6 /* ProfileScreen.swift in Sources */,
				8417580B2D2C3CC6007C49B1 /* ColorExtension.swift in Sources */,
				84D91F8D2D2D6E2D001201EC /* ToastNotification.swift in Sources */,
				84D91F8F2D2D6F4C001201EC /* Helper.swift in Sources */,
				841758182D2C65F7007C49B1 /* User.swift in Sources */,
				847834892D078B9000C0E87D /* TaskItem.swift in Sources */,
				84326CE12CF4A53400530CD6 /* CalendarScreen.swift in Sources */,
				84326CE32CF4A54B00530CD6 /* AvailabilityScreen.swift in Sources */,
				842FFCFF2D37E27A00CC944D /* ShiftService.swift in Sources */,
				84DA9A342CE60EA400B9B713 /* Employee_ManagementApp.swift in Sources */,
				8417580D2D2C4BD6007C49B1 /* Shift.swift in Sources */,
				84718BEF2D33FB1400313320 /* CalendarService.swift in Sources */,
				84EAA53E2CEB91FB0018A5FA /* Header.swift in Sources */,
				84718BE92D318ADF00313320 /* ImagePicker.swift in Sources */,
				8478348D2D07940A00C0E87D /* CircularProgressView.swift in Sources */,
				8478348B2D078BF700C0E87D /* EmployeeListItem.swift in Sources */,
			);
			runOnlyForDeploymentPostprocessing = 0;
		};
/* End PBXSourcesBuildPhase section */

/* Begin XCBuildConfiguration section */
		84DA9A3C2CE60EA500B9B713 /* Debug */ = {
			isa = XCBuildConfiguration;
			buildSettings = {
				ALWAYS_SEARCH_USER_PATHS = NO;
				ASSETCATALOG_COMPILER_GENERATE_SWIFT_ASSET_SYMBOL_EXTENSIONS = YES;
				CLANG_ANALYZER_NONNULL = YES;
				CLANG_ANALYZER_NUMBER_OBJECT_CONVERSION = YES_AGGRESSIVE;
				CLANG_CXX_LANGUAGE_STANDARD = "gnu++20";
				CLANG_ENABLE_MODULES = YES;
				CLANG_ENABLE_OBJC_ARC = YES;
				CLANG_ENABLE_OBJC_WEAK = YES;
				CLANG_WARN_BLOCK_CAPTURE_AUTORELEASING = YES;
				CLANG_WARN_BOOL_CONVERSION = YES;
				CLANG_WARN_COMMA = YES;
				CLANG_WARN_CONSTANT_CONVERSION = YES;
				CLANG_WARN_DEPRECATED_OBJC_IMPLEMENTATIONS = YES;
				CLANG_WARN_DIRECT_OBJC_ISA_USAGE = YES_ERROR;
				CLANG_WARN_DOCUMENTATION_COMMENTS = YES;
				CLANG_WARN_EMPTY_BODY = YES;
				CLANG_WARN_ENUM_CONVERSION = YES;
				CLANG_WARN_INFINITE_RECURSION = YES;
				CLANG_WARN_INT_CONVERSION = YES;
				CLANG_WARN_NON_LITERAL_NULL_CONVERSION = YES;
				CLANG_WARN_OBJC_IMPLICIT_RETAIN_SELF = YES;
				CLANG_WARN_OBJC_LITERAL_CONVERSION = YES;
				CLANG_WARN_OBJC_ROOT_CLASS = YES_ERROR;
				CLANG_WARN_QUOTED_INCLUDE_IN_FRAMEWORK_HEADER = YES;
				CLANG_WARN_RANGE_LOOP_ANALYSIS = YES;
				CLANG_WARN_STRICT_PROTOTYPES = YES;
				CLANG_WARN_SUSPICIOUS_MOVE = YES;
				CLANG_WARN_UNGUARDED_AVAILABILITY = YES_AGGRESSIVE;
				CLANG_WARN_UNREACHABLE_CODE = YES;
				CLANG_WARN__DUPLICATE_METHOD_MATCH = YES;
				COPY_PHASE_STRIP = NO;
				DEBUG_INFORMATION_FORMAT = dwarf;
				ENABLE_STRICT_OBJC_MSGSEND = YES;
				ENABLE_TESTABILITY = YES;
				ENABLE_USER_SCRIPT_SANDBOXING = YES;
				GCC_C_LANGUAGE_STANDARD = gnu17;
				GCC_DYNAMIC_NO_PIC = NO;
				GCC_NO_COMMON_BLOCKS = YES;
				GCC_OPTIMIZATION_LEVEL = 0;
				GCC_PREPROCESSOR_DEFINITIONS = (
					"DEBUG=1",
					"$(inherited)",
				);
				GCC_WARN_64_TO_32_BIT_CONVERSION = YES;
				GCC_WARN_ABOUT_RETURN_TYPE = YES_ERROR;
				GCC_WARN_UNDECLARED_SELECTOR = YES;
				GCC_WARN_UNINITIALIZED_AUTOS = YES_AGGRESSIVE;
				GCC_WARN_UNUSED_FUNCTION = YES;
				GCC_WARN_UNUSED_VARIABLE = YES;
				IPHONEOS_DEPLOYMENT_TARGET = 17.5;
				LOCALIZATION_PREFERS_STRING_CATALOGS = YES;
				MTL_ENABLE_DEBUG_INFO = INCLUDE_SOURCE;
				MTL_FAST_MATH = YES;
				ONLY_ACTIVE_ARCH = YES;
				SDKROOT = iphoneos;
				SWIFT_ACTIVE_COMPILATION_CONDITIONS = "DEBUG $(inherited)";
				SWIFT_OPTIMIZATION_LEVEL = "-Onone";
			};
			name = Debug;
		};
		84DA9A3D2CE60EA500B9B713 /* Release */ = {
			isa = XCBuildConfiguration;
			buildSettings = {
				ALWAYS_SEARCH_USER_PATHS = NO;
				ASSETCATALOG_COMPILER_GENERATE_SWIFT_ASSET_SYMBOL_EXTENSIONS = YES;
				CLANG_ANALYZER_NONNULL = YES;
				CLANG_ANALYZER_NUMBER_OBJECT_CONVERSION = YES_AGGRESSIVE;
				CLANG_CXX_LANGUAGE_STANDARD = "gnu++20";
				CLANG_ENABLE_MODULES = YES;
				CLANG_ENABLE_OBJC_ARC = YES;
				CLANG_ENABLE_OBJC_WEAK = YES;
				CLANG_WARN_BLOCK_CAPTURE_AUTORELEASING = YES;
				CLANG_WARN_BOOL_CONVERSION = YES;
				CLANG_WARN_COMMA = YES;
				CLANG_WARN_CONSTANT_CONVERSION = YES;
				CLANG_WARN_DEPRECATED_OBJC_IMPLEMENTATIONS = YES;
				CLANG_WARN_DIRECT_OBJC_ISA_USAGE = YES_ERROR;
				CLANG_WARN_DOCUMENTATION_COMMENTS = YES;
				CLANG_WARN_EMPTY_BODY = YES;
				CLANG_WARN_ENUM_CONVERSION = YES;
				CLANG_WARN_INFINITE_RECURSION = YES;
				CLANG_WARN_INT_CONVERSION = YES;
				CLANG_WARN_NON_LITERAL_NULL_CONVERSION = YES;
				CLANG_WARN_OBJC_IMPLICIT_RETAIN_SELF = YES;
				CLANG_WARN_OBJC_LITERAL_CONVERSION = YES;
				CLANG_WARN_OBJC_ROOT_CLASS = YES_ERROR;
				CLANG_WARN_QUOTED_INCLUDE_IN_FRAMEWORK_HEADER = YES;
				CLANG_WARN_RANGE_LOOP_ANALYSIS = YES;
				CLANG_WARN_STRICT_PROTOTYPES = YES;
				CLANG_WARN_SUSPICIOUS_MOVE = YES;
				CLANG_WARN_UNGUARDED_AVAILABILITY = YES_AGGRESSIVE;
				CLANG_WARN_UNREACHABLE_CODE = YES;
				CLANG_WARN__DUPLICATE_METHOD_MATCH = YES;
				COPY_PHASE_STRIP = NO;
				DEBUG_INFORMATION_FORMAT = "dwarf-with-dsym";
				ENABLE_NS_ASSERTIONS = NO;
				ENABLE_STRICT_OBJC_MSGSEND = YES;
				ENABLE_USER_SCRIPT_SANDBOXING = YES;
				GCC_C_LANGUAGE_STANDARD = gnu17;
				GCC_NO_COMMON_BLOCKS = YES;
				GCC_WARN_64_TO_32_BIT_CONVERSION = YES;
				GCC_WARN_ABOUT_RETURN_TYPE = YES_ERROR;
				GCC_WARN_UNDECLARED_SELECTOR = YES;
				GCC_WARN_UNINITIALIZED_AUTOS = YES_AGGRESSIVE;
				GCC_WARN_UNUSED_FUNCTION = YES;
				GCC_WARN_UNUSED_VARIABLE = YES;
				IPHONEOS_DEPLOYMENT_TARGET = 17.5;
				LOCALIZATION_PREFERS_STRING_CATALOGS = YES;
				MTL_ENABLE_DEBUG_INFO = NO;
				MTL_FAST_MATH = YES;
				SDKROOT = iphoneos;
				SWIFT_COMPILATION_MODE = wholemodule;
				VALIDATE_PRODUCT = YES;
			};
			name = Release;
		};
		84DA9A3F2CE60EA500B9B713 /* Debug */ = {
			isa = XCBuildConfiguration;
			buildSettings = {
				ASSETCATALOG_COMPILER_APPICON_NAME = AppIcon;
				ASSETCATALOG_COMPILER_GLOBAL_ACCENT_COLOR_NAME = AccentColor;
				CODE_SIGN_STYLE = Automatic;
				CURRENT_PROJECT_VERSION = 1;
				DEVELOPMENT_ASSET_PATHS = "\"Employee Management/Preview Content\"";
				DEVELOPMENT_TEAM = K9DS5J87JJ;
				ENABLE_PREVIEWS = YES;
				GENERATE_INFOPLIST_FILE = YES;
				INFOPLIST_FILE = "Employee-Management-Info.plist";
				INFOPLIST_KEY_UIApplicationSceneManifest_Generation = YES;
				INFOPLIST_KEY_UIApplicationSupportsIndirectInputEvents = YES;
				INFOPLIST_KEY_UILaunchScreen_Generation = YES;
				INFOPLIST_KEY_UILaunchStoryboardName = "Launch Screen.storyboard";
				INFOPLIST_KEY_UISupportedInterfaceOrientations_iPad = "UIInterfaceOrientationPortrait UIInterfaceOrientationPortraitUpsideDown UIInterfaceOrientationLandscapeLeft UIInterfaceOrientationLandscapeRight";
				INFOPLIST_KEY_UISupportedInterfaceOrientations_iPhone = "UIInterfaceOrientationPortrait UIInterfaceOrientationLandscapeLeft UIInterfaceOrientationLandscapeRight";
				LD_RUNPATH_SEARCH_PATHS = (
					"$(inherited)",
					"@executable_path/Frameworks",
				);
				MARKETING_VERSION = 1.0;
				PRODUCT_BUNDLE_IDENTIFIER = "nl.karma.kebab.Employee-Management";
				PRODUCT_NAME = "$(TARGET_NAME)";
				SWIFT_EMIT_LOC_STRINGS = YES;
				SWIFT_VERSION = 5.0;
				TARGETED_DEVICE_FAMILY = "1,2";
			};
			name = Debug;
		};
		84DA9A402CE60EA500B9B713 /* Release */ = {
			isa = XCBuildConfiguration;
			buildSettings = {
				ASSETCATALOG_COMPILER_APPICON_NAME = AppIcon;
				ASSETCATALOG_COMPILER_GLOBAL_ACCENT_COLOR_NAME = AccentColor;
				CODE_SIGN_STYLE = Automatic;
				CURRENT_PROJECT_VERSION = 1;
				DEVELOPMENT_ASSET_PATHS = "\"Employee Management/Preview Content\"";
				DEVELOPMENT_TEAM = K9DS5J87JJ;
				ENABLE_PREVIEWS = YES;
				GENERATE_INFOPLIST_FILE = YES;
				INFOPLIST_FILE = "Employee-Management-Info.plist";
				INFOPLIST_KEY_UIApplicationSceneManifest_Generation = YES;
				INFOPLIST_KEY_UIApplicationSupportsIndirectInputEvents = YES;
				INFOPLIST_KEY_UILaunchScreen_Generation = YES;
				INFOPLIST_KEY_UILaunchStoryboardName = "Launch Screen.storyboard";
				INFOPLIST_KEY_UISupportedInterfaceOrientations_iPad = "UIInterfaceOrientationPortrait UIInterfaceOrientationPortraitUpsideDown UIInterfaceOrientationLandscapeLeft UIInterfaceOrientationLandscapeRight";
				INFOPLIST_KEY_UISupportedInterfaceOrientations_iPhone = "UIInterfaceOrientationPortrait UIInterfaceOrientationLandscapeLeft UIInterfaceOrientationLandscapeRight";
				LD_RUNPATH_SEARCH_PATHS = (
					"$(inherited)",
					"@executable_path/Frameworks",
				);
				MARKETING_VERSION = 1.0;
				PRODUCT_BUNDLE_IDENTIFIER = "nl.karma.kebab.Employee-Management";
				PRODUCT_NAME = "$(TARGET_NAME)";
				SWIFT_EMIT_LOC_STRINGS = YES;
				SWIFT_VERSION = 5.0;
				TARGETED_DEVICE_FAMILY = "1,2";
			};
			name = Release;
		};
/* End XCBuildConfiguration section */

/* Begin XCConfigurationList section */
		84DA9A2B2CE60EA400B9B713 /* Build configuration list for PBXProject "Employee Management" */ = {
			isa = XCConfigurationList;
			buildConfigurations = (
				84DA9A3C2CE60EA500B9B713 /* Debug */,
				84DA9A3D2CE60EA500B9B713 /* Release */,
			);
			defaultConfigurationIsVisible = 0;
			defaultConfigurationName = Release;
		};
		84DA9A3E2CE60EA500B9B713 /* Build configuration list for PBXNativeTarget "Employee Management" */ = {
			isa = XCConfigurationList;
			buildConfigurations = (
				84DA9A3F2CE60EA500B9B713 /* Debug */,
				84DA9A402CE60EA500B9B713 /* Release */,
			);
			defaultConfigurationIsVisible = 0;
			defaultConfigurationName = Release;
		};
/* End XCConfigurationList section */

/* Begin XCRemoteSwiftPackageReference section */
		841757F52D2C3448007C49B1 /* XCRemoteSwiftPackageReference "firebase-ios-sdk" */ = {
			isa = XCRemoteSwiftPackageReference;
			repositoryURL = "https://github.com/firebase/firebase-ios-sdk";
			requirement = {
				kind = upToNextMajorVersion;
				minimumVersion = 11.6.0;
			};
		};
/* End XCRemoteSwiftPackageReference section */

/* Begin XCSwiftPackageProductDependency section */
		841757F82D2C3448007C49B1 /* FirebaseAuthCombine-Community */ = {
			isa = XCSwiftPackageProductDependency;
			package = 841757F52D2C3448007C49B1 /* XCRemoteSwiftPackageReference "firebase-ios-sdk" */;
			productName = "FirebaseAuthCombine-Community";
		};
		841757FA2D2C3448007C49B1 /* FirebaseCore */ = {
			isa = XCSwiftPackageProductDependency;
			package = 841757F52D2C3448007C49B1 /* XCRemoteSwiftPackageReference "firebase-ios-sdk" */;
			productName = FirebaseCore;
		};
		841757FC2D2C3448007C49B1 /* FirebaseDatabase */ = {
			isa = XCSwiftPackageProductDependency;
			package = 841757F52D2C3448007C49B1 /* XCRemoteSwiftPackageReference "firebase-ios-sdk" */;
			productName = FirebaseDatabase;
		};
		841757FE2D2C3448007C49B1 /* FirebaseFirestore */ = {
			isa = XCSwiftPackageProductDependency;
			package = 841757F52D2C3448007C49B1 /* XCRemoteSwiftPackageReference "firebase-ios-sdk" */;
			productName = FirebaseFirestore;
		};
		841758002D2C3448007C49B1 /* FirebaseFirestoreCombine-Community */ = {
			isa = XCSwiftPackageProductDependency;
			package = 841757F52D2C3448007C49B1 /* XCRemoteSwiftPackageReference "firebase-ios-sdk" */;
			productName = "FirebaseFirestoreCombine-Community";
		};
		841758022D2C3448007C49B1 /* FirebaseFunctions */ = {
			isa = XCSwiftPackageProductDependency;
			package = 841757F52D2C3448007C49B1 /* XCRemoteSwiftPackageReference "firebase-ios-sdk" */;
			productName = FirebaseFunctions;
		};
		841758042D2C3448007C49B1 /* FirebaseRemoteConfig */ = {
			isa = XCSwiftPackageProductDependency;
			package = 841757F52D2C3448007C49B1 /* XCRemoteSwiftPackageReference "firebase-ios-sdk" */;
			productName = FirebaseRemoteConfig;
		};
		841758062D2C3448007C49B1 /* FirebaseStorage */ = {
			isa = XCSwiftPackageProductDependency;
			package = 841757F52D2C3448007C49B1 /* XCRemoteSwiftPackageReference "firebase-ios-sdk" */;
			productName = FirebaseStorage;
		};
		841758082D2C3448007C49B1 /* FirebaseStorageCombine-Community */ = {
			isa = XCSwiftPackageProductDependency;
			package = 841757F52D2C3448007C49B1 /* XCRemoteSwiftPackageReference "firebase-ios-sdk" */;
			productName = "FirebaseStorageCombine-Community";
		};
		84D91FA02D2D93EC001201EC /* FirebaseAuth */ = {
			isa = XCSwiftPackageProductDependency;
			package = 841757F52D2C3448007C49B1 /* XCRemoteSwiftPackageReference "firebase-ios-sdk" */;
			productName = FirebaseAuth;
		};
/* End XCSwiftPackageProductDependency section */
	};
	rootObject = 84DA9A282CE60EA400B9B713 /* Project object */;
}
