// !$*UTF8*$!
{
	archiveVersion = 1;
	classes = {
	};
	objectVersion = 56;
	objects = {

/* Begin PBXBuildFile section */
		84DA9A342CE60EA400B9B713 /* Employee_ManagementApp.swift in Sources */ = {isa = PBXBuildFile; fileRef = 84DA9A332CE60EA400B9B713 /* Employee_ManagementApp.swift */; };
		84DA9A362CE60EA400B9B713 /* ContentView.swift in Sources */ = {isa = PBXBuildFile; fileRef = 84DA9A352CE60EA400B9B713 /* ContentView.swift */; };
		84DA9A382CE60EA500B9B713 /* Assets.xcassets in Resources */ = {isa = PBXBuildFile; fileRef = 84DA9A372CE60EA500B9B713 /* Assets.xcassets */; };
		84DA9A3B2CE60EA500B9B713 /* Preview Assets.xcassets in Resources */ = {isa = PBXBuildFile; fileRef = 84DA9A3A2CE60EA500B9B713 /* Preview Assets.xcassets */; };
		84DA9A432CE6105000B9B713 /* Colors.swift in Sources */ = {isa = PBXBuildFile; fileRef = 84DA9A422CE6105000B9B713 /* Colors.swift */; };
		84DA9A462CE6108200B9B713 /* LoginView.swift in Sources */ = {isa = PBXBuildFile; fileRef = 84DA9A452CE6108200B9B713 /* LoginView.swift */; };
		84E5318E2CE777CA002EC7FB /* LoginViewModel.swift in Sources */ = {isa = PBXBuildFile; fileRef = 84E5318D2CE777CA002EC7FB /* LoginViewModel.swift */; };
		84E531902CE7789B002EC7FB /* HomeView.swift in Sources */ = {isa = PBXBuildFile; fileRef = 84E5318F2CE7789B002EC7FB /* HomeView.swift */; };
		84EAA53E2CEB91FB0018A5FA /* HeaderView.swift in Sources */ = {isa = PBXBuildFile; fileRef = 84EAA53D2CEB91FB0018A5FA /* HeaderView.swift */; };
		84EAA5422CEB9EE10018A5FA /* mindset-regular.ttf in Resources */ = {isa = PBXBuildFile; fileRef = 84EAA5412CEB9E630018A5FA /* mindset-regular.ttf */; };
		84EAA5442CEB9F5B0018A5FA /* Fonts.swift in Sources */ = {isa = PBXBuildFile; fileRef = 84EAA5432CEB9F5B0018A5FA /* Fonts.swift */; };
/* End PBXBuildFile section */

/* Begin PBXFileReference section */
		84DA9A302CE60EA400B9B713 /* Employee Management.app */ = {isa = PBXFileReference; explicitFileType = wrapper.application; includeInIndex = 0; path = "Employee Management.app"; sourceTree = BUILT_PRODUCTS_DIR; };
		84DA9A332CE60EA400B9B713 /* Employee_ManagementApp.swift */ = {isa = PBXFileReference; lastKnownFileType = sourcecode.swift; path = Employee_ManagementApp.swift; sourceTree = "<group>"; };
		84DA9A352CE60EA400B9B713 /* ContentView.swift */ = {isa = PBXFileReference; lastKnownFileType = sourcecode.swift; path = ContentView.swift; sourceTree = "<group>"; };
		84DA9A372CE60EA500B9B713 /* Assets.xcassets */ = {isa = PBXFileReference; lastKnownFileType = folder.assetcatalog; path = Assets.xcassets; sourceTree = "<group>"; };
		84DA9A3A2CE60EA500B9B713 /* Preview Assets.xcassets */ = {isa = PBXFileReference; lastKnownFileType = folder.assetcatalog; path = "Preview Assets.xcassets"; sourceTree = "<group>"; };
		84DA9A422CE6105000B9B713 /* Colors.swift */ = {isa = PBXFileReference; lastKnownFileType = sourcecode.swift; path = Colors.swift; sourceTree = "<group>"; };
		84DA9A452CE6108200B9B713 /* LoginView.swift */ = {isa = PBXFileReference; lastKnownFileType = sourcecode.swift; path = LoginView.swift; sourceTree = "<group>"; };
		84E5318D2CE777CA002EC7FB /* LoginViewModel.swift */ = {isa = PBXFileReference; lastKnownFileType = sourcecode.swift; path = LoginViewModel.swift; sourceTree = "<group>"; };
		84E5318F2CE7789B002EC7FB /* HomeView.swift */ = {isa = PBXFileReference; lastKnownFileType = sourcecode.swift; path = HomeView.swift; sourceTree = "<group>"; };
		84EAA53D2CEB91FB0018A5FA /* HeaderView.swift */ = {isa = PBXFileReference; lastKnownFileType = sourcecode.swift; path = HeaderView.swift; sourceTree = "<group>"; };
		84EAA53F2CEB9BFD0018A5FA /* Employee-Management-Info.plist */ = {isa = PBXFileReference; lastKnownFileType = text.plist; path = "Employee-Management-Info.plist"; sourceTree = SOURCE_ROOT; };
		84EAA5412CEB9E630018A5FA /* mindset-regular.ttf */ = {isa = PBXFileReference; lastKnownFileType = file; path = "mindset-regular.ttf"; sourceTree = "<group>"; };
		84EAA5432CEB9F5B0018A5FA /* Fonts.swift */ = {isa = PBXFileReference; lastKnownFileType = sourcecode.swift; path = Fonts.swift; sourceTree = "<group>"; };
/* End PBXFileReference section */

/* Begin PBXFrameworksBuildPhase section */
		84DA9A2D2CE60EA400B9B713 /* Frameworks */ = {
			isa = PBXFrameworksBuildPhase;
			buildActionMask = 2147483647;
			files = (
			);
			runOnlyForDeploymentPostprocessing = 0;
		};
/* End PBXFrameworksBuildPhase section */

/* Begin PBXGroup section */
		84DA9A272CE60EA400B9B713 = {
			isa = PBXGroup;
			children = (
				84DA9A322CE60EA400B9B713 /* Employee Management */,
				84DA9A312CE60EA400B9B713 /* Products */,
			);
			sourceTree = "<group>";
		};
		84DA9A312CE60EA400B9B713 /* Products */ = {
			isa = PBXGroup;
			children = (
				84DA9A302CE60EA400B9B713 /* Employee Management.app */,
			);
			name = Products;
			sourceTree = "<group>";
		};
		84DA9A322CE60EA400B9B713 /* Employee Management */ = {
			isa = PBXGroup;
			children = (
				84EAA5402CEB9E560018A5FA /* Fonts */,
				84EAA53F2CEB9BFD0018A5FA /* Employee-Management-Info.plist */,
				84EAA53C2CEB91E70018A5FA /* Components */,
				84E5318C2CE777B2002EC7FB /* ViewModels */,
				84DA9A442CE6106A00B9B713 /* Views */,
				84DA9A412CE6103F00B9B713 /* Constants */,
				84DA9A332CE60EA400B9B713 /* Employee_ManagementApp.swift */,
				84DA9A352CE60EA400B9B713 /* ContentView.swift */,
				84DA9A372CE60EA500B9B713 /* Assets.xcassets */,
				84DA9A392CE60EA500B9B713 /* Preview Content */,
			);
			path = "Employee Management";
			sourceTree = "<group>";
		};
		84DA9A392CE60EA500B9B713 /* Preview Content */ = {
			isa = PBXGroup;
			children = (
				84DA9A3A2CE60EA500B9B713 /* Preview Assets.xcassets */,
			);
			path = "Preview Content";
			sourceTree = "<group>";
		};
		84DA9A412CE6103F00B9B713 /* Constants */ = {
			isa = PBXGroup;
			children = (
				84DA9A422CE6105000B9B713 /* Colors.swift */,
				84EAA5432CEB9F5B0018A5FA /* Fonts.swift */,
			);
			path = Constants;
			sourceTree = "<group>";
		};
		84DA9A442CE6106A00B9B713 /* Views */ = {
			isa = PBXGroup;
			children = (
				84DA9A452CE6108200B9B713 /* LoginView.swift */,
				84E5318F2CE7789B002EC7FB /* HomeView.swift */,
			);
			path = Views;
			sourceTree = "<group>";
		};
		84E5318C2CE777B2002EC7FB /* ViewModels */ = {
			isa = PBXGroup;
			children = (
				84E5318D2CE777CA002EC7FB /* LoginViewModel.swift */,
			);
			path = ViewModels;
			sourceTree = "<group>";
		};
		84EAA53C2CEB91E70018A5FA /* Components */ = {
			isa = PBXGroup;
			children = (
				84EAA53D2CEB91FB0018A5FA /* HeaderView.swift */,
			);
			path = Components;
			sourceTree = "<group>";
		};
		84EAA5402CEB9E560018A5FA /* Fonts */ = {
			isa = PBXGroup;
			children = (
				84EAA5412CEB9E630018A5FA /* mindset-regular.ttf */,
			);
			path = Fonts;
			sourceTree = "<group>";
		};
/* End PBXGroup section */

/* Begin PBXNativeTarget section */
		84DA9A2F2CE60EA400B9B713 /* Employee Management */ = {
			isa = PBXNativeTarget;
			buildConfigurationList = 84DA9A3E2CE60EA500B9B713 /* Build configuration list for PBXNativeTarget "Employee Management" */;
			buildPhases = (
				84DA9A2C2CE60EA400B9B713 /* Sources */,
				84DA9A2D2CE60EA400B9B713 /* Frameworks */,
				84DA9A2E2CE60EA400B9B713 /* Resources */,
			);
			buildRules = (
			);
			dependencies = (
			);
			name = "Employee Management";
			productName = "Employee Management";
			productReference = 84DA9A302CE60EA400B9B713 /* Employee Management.app */;
			productType = "com.apple.product-type.application";
		};
/* End PBXNativeTarget section */

/* Begin PBXProject section */
		84DA9A282CE60EA400B9B713 /* Project object */ = {
			isa = PBXProject;
			attributes = {
				BuildIndependentTargetsInParallel = 1;
				LastSwiftUpdateCheck = 1540;
				LastUpgradeCheck = 1540;
				TargetAttributes = {
					84DA9A2F2CE60EA400B9B713 = {
						CreatedOnToolsVersion = 15.4;
					};
				};
			};
			buildConfigurationList = 84DA9A2B2CE60EA400B9B713 /* Build configuration list for PBXProject "Employee Management" */;
			compatibilityVersion = "Xcode 14.0";
			developmentRegion = en;
			hasScannedForEncodings = 0;
			knownRegions = (
				en,
				Base,
			);
			mainGroup = 84DA9A272CE60EA400B9B713;
			productRefGroup = 84DA9A312CE60EA400B9B713 /* Products */;
			projectDirPath = "";
			projectRoot = "";
			targets = (
				84DA9A2F2CE60EA400B9B713 /* Employee Management */,
			);
		};
/* End PBXProject section */

/* Begin PBXResourcesBuildPhase section */
		84DA9A2E2CE60EA400B9B713 /* Resources */ = {
			isa = PBXResourcesBuildPhase;
			buildActionMask = 2147483647;
			files = (
				84DA9A3B2CE60EA500B9B713 /* Preview Assets.xcassets in Resources */,
				84EAA5422CEB9EE10018A5FA /* mindset-regular.ttf in Resources */,
				84DA9A382CE60EA500B9B713 /* Assets.xcassets in Resources */,
			);
			runOnlyForDeploymentPostprocessing = 0;
		};
/* End PBXResourcesBuildPhase section */

/* Begin PBXSourcesBuildPhase section */
		84DA9A2C2CE60EA400B9B713 /* Sources */ = {
			isa = PBXSourcesBuildPhase;
			buildActionMask = 2147483647;
			files = (
				84EAA5442CEB9F5B0018A5FA /* Fonts.swift in Sources */,
				84DA9A362CE60EA400B9B713 /* ContentView.swift in Sources */,
				84DA9A432CE6105000B9B713 /* Colors.swift in Sources */,
				84DA9A462CE6108200B9B713 /* LoginView.swift in Sources */,
				84E531902CE7789B002EC7FB /* HomeView.swift in Sources */,
				84E5318E2CE777CA002EC7FB /* LoginViewModel.swift in Sources */,
				84DA9A342CE60EA400B9B713 /* Employee_ManagementApp.swift in Sources */,
				84EAA53E2CEB91FB0018A5FA /* HeaderView.swift in Sources */,
			);
			runOnlyForDeploymentPostprocessing = 0;
		};
/* End PBXSourcesBuildPhase section */

/* Begin XCBuildConfiguration section */
		84DA9A3C2CE60EA500B9B713 /* Debug */ = {
			isa = XCBuildConfiguration;
			buildSettings = {
				ALWAYS_SEARCH_USER_PATHS = NO;
				ASSETCATALOG_COMPILER_GENERATE_SWIFT_ASSET_SYMBOL_EXTENSIONS = YES;
				CLANG_ANALYZER_NONNULL = YES;
				CLANG_ANALYZER_NUMBER_OBJECT_CONVERSION = YES_AGGRESSIVE;
				CLANG_CXX_LANGUAGE_STANDARD = "gnu++20";
				CLANG_ENABLE_MODULES = YES;
				CLANG_ENABLE_OBJC_ARC = YES;
				CLANG_ENABLE_OBJC_WEAK = YES;
				CLANG_WARN_BLOCK_CAPTURE_AUTORELEASING = YES;
				CLANG_WARN_BOOL_CONVERSION = YES;
				CLANG_WARN_COMMA = YES;
				CLANG_WARN_CONSTANT_CONVERSION = YES;
				CLANG_WARN_DEPRECATED_OBJC_IMPLEMENTATIONS = YES;
				CLANG_WARN_DIRECT_OBJC_ISA_USAGE = YES_ERROR;
				CLANG_WARN_DOCUMENTATION_COMMENTS = YES;
				CLANG_WARN_EMPTY_BODY = YES;
				CLANG_WARN_ENUM_CONVERSION = YES;
				CLANG_WARN_INFINITE_RECURSION = YES;
				CLANG_WARN_INT_CONVERSION = YES;
				CLANG_WARN_NON_LITERAL_NULL_CONVERSION = YES;
				CLANG_WARN_OBJC_IMPLICIT_RETAIN_SELF = YES;
				CLANG_WARN_OBJC_LITERAL_CONVERSION = YES;
				CLANG_WARN_OBJC_ROOT_CLASS = YES_ERROR;
				CLANG_WARN_QUOTED_INCLUDE_IN_FRAMEWORK_HEADER = YES;
				CLANG_WARN_RANGE_LOOP_ANALYSIS = YES;
				CLANG_WARN_STRICT_PROTOTYPES = YES;
				CLANG_WARN_SUSPICIOUS_MOVE = YES;
				CLANG_WARN_UNGUARDED_AVAILABILITY = YES_AGGRESSIVE;
				CLANG_WARN_UNREACHABLE_CODE = YES;
				CLANG_WARN__DUPLICATE_METHOD_MATCH = YES;
				COPY_PHASE_STRIP = NO;
				DEBUG_INFORMATION_FORMAT = dwarf;
				ENABLE_STRICT_OBJC_MSGSEND = YES;
				ENABLE_TESTABILITY = YES;
				ENABLE_USER_SCRIPT_SANDBOXING = YES;
				GCC_C_LANGUAGE_STANDARD = gnu17;
				GCC_DYNAMIC_NO_PIC = NO;
				GCC_NO_COMMON_BLOCKS = YES;
				GCC_OPTIMIZATION_LEVEL = 0;
				GCC_PREPROCESSOR_DEFINITIONS = (
					"DEBUG=1",
					"$(inherited)",
				);
				GCC_WARN_64_TO_32_BIT_CONVERSION = YES;
				GCC_WARN_ABOUT_RETURN_TYPE = YES_ERROR;
				GCC_WARN_UNDECLARED_SELECTOR = YES;
				GCC_WARN_UNINITIALIZED_AUTOS = YES_AGGRESSIVE;
				GCC_WARN_UNUSED_FUNCTION = YES;
				GCC_WARN_UNUSED_VARIABLE = YES;
				IPHONEOS_DEPLOYMENT_TARGET = 17.5;
				LOCALIZATION_PREFERS_STRING_CATALOGS = YES;
				MTL_ENABLE_DEBUG_INFO = INCLUDE_SOURCE;
				MTL_FAST_MATH = YES;
				ONLY_ACTIVE_ARCH = YES;
				SDKROOT = iphoneos;
				SWIFT_ACTIVE_COMPILATION_CONDITIONS = "DEBUG $(inherited)";
				SWIFT_OPTIMIZATION_LEVEL = "-Onone";
			};
			name = Debug;
		};
		84DA9A3D2CE60EA500B9B713 /* Release */ = {
			isa = XCBuildConfiguration;
			buildSettings = {
				ALWAYS_SEARCH_USER_PATHS = NO;
				ASSETCATALOG_COMPILER_GENERATE_SWIFT_ASSET_SYMBOL_EXTENSIONS = YES;
				CLANG_ANALYZER_NONNULL = YES;
				CLANG_ANALYZER_NUMBER_OBJECT_CONVERSION = YES_AGGRESSIVE;
				CLANG_CXX_LANGUAGE_STANDARD = "gnu++20";
				CLANG_ENABLE_MODULES = YES;
				CLANG_ENABLE_OBJC_ARC = YES;
				CLANG_ENABLE_OBJC_WEAK = YES;
				CLANG_WARN_BLOCK_CAPTURE_AUTORELEASING = YES;
				CLANG_WARN_BOOL_CONVERSION = YES;
				CLANG_WARN_COMMA = YES;
				CLANG_WARN_CONSTANT_CONVERSION = YES;
				CLANG_WARN_DEPRECATED_OBJC_IMPLEMENTATIONS = YES;
				CLANG_WARN_DIRECT_OBJC_ISA_USAGE = YES_ERROR;
				CLANG_WARN_DOCUMENTATION_COMMENTS = YES;
				CLANG_WARN_EMPTY_BODY = YES;
				CLANG_WARN_ENUM_CONVERSION = YES;
				CLANG_WARN_INFINITE_RECURSION = YES;
				CLANG_WARN_INT_CONVERSION = YES;
				CLANG_WARN_NON_LITERAL_NULL_CONVERSION = YES;
				CLANG_WARN_OBJC_IMPLICIT_RETAIN_SELF = YES;
				CLANG_WARN_OBJC_LITERAL_CONVERSION = YES;
				CLANG_WARN_OBJC_ROOT_CLASS = YES_ERROR;
				CLANG_WARN_QUOTED_INCLUDE_IN_FRAMEWORK_HEADER = YES;
				CLANG_WARN_RANGE_LOOP_ANALYSIS = YES;
				CLANG_WARN_STRICT_PROTOTYPES = YES;
				CLANG_WARN_SUSPICIOUS_MOVE = YES;
				CLANG_WARN_UNGUARDED_AVAILABILITY = YES_AGGRESSIVE;
				CLANG_WARN_UNREACHABLE_CODE = YES;
				CLANG_WARN__DUPLICATE_METHOD_MATCH = YES;
				COPY_PHASE_STRIP = NO;
				DEBUG_INFORMATION_FORMAT = "dwarf-with-dsym";
				ENABLE_NS_ASSERTIONS = NO;
				ENABLE_STRICT_OBJC_MSGSEND = YES;
				ENABLE_USER_SCRIPT_SANDBOXING = YES;
				GCC_C_LANGUAGE_STANDARD = gnu17;
				GCC_NO_COMMON_BLOCKS = YES;
				GCC_WARN_64_TO_32_BIT_CONVERSION = YES;
				GCC_WARN_ABOUT_RETURN_TYPE = YES_ERROR;
				GCC_WARN_UNDECLARED_SELECTOR = YES;
				GCC_WARN_UNINITIALIZED_AUTOS = YES_AGGRESSIVE;
				GCC_WARN_UNUSED_FUNCTION = YES;
				GCC_WARN_UNUSED_VARIABLE = YES;
				IPHONEOS_DEPLOYMENT_TARGET = 17.5;
				LOCALIZATION_PREFERS_STRING_CATALOGS = YES;
				MTL_ENABLE_DEBUG_INFO = NO;
				MTL_FAST_MATH = YES;
				SDKROOT = iphoneos;
				SWIFT_COMPILATION_MODE = wholemodule;
				VALIDATE_PRODUCT = YES;
			};
			name = Release;
		};
		84DA9A3F2CE60EA500B9B713 /* Debug */ = {
			isa = XCBuildConfiguration;
			buildSettings = {
				ASSETCATALOG_COMPILER_APPICON_NAME = AppIcon;
				ASSETCATALOG_COMPILER_GLOBAL_ACCENT_COLOR_NAME = AccentColor;
				CODE_SIGN_STYLE = Automatic;
				CURRENT_PROJECT_VERSION = 1;
				DEVELOPMENT_ASSET_PATHS = "\"Employee Management/Preview Content\"";
				DEVELOPMENT_TEAM = K9DS5J87JJ;
				ENABLE_PREVIEWS = YES;
				GENERATE_INFOPLIST_FILE = YES;
				INFOPLIST_FILE = "Employee-Management-Info.plist";
				INFOPLIST_KEY_UIApplicationSceneManifest_Generation = YES;
				INFOPLIST_KEY_UIApplicationSupportsIndirectInputEvents = YES;
				INFOPLIST_KEY_UILaunchScreen_Generation = YES;
				INFOPLIST_KEY_UISupportedInterfaceOrientations_iPad = "UIInterfaceOrientationPortrait UIInterfaceOrientationPortraitUpsideDown UIInterfaceOrientationLandscapeLeft UIInterfaceOrientationLandscapeRight";
				INFOPLIST_KEY_UISupportedInterfaceOrientations_iPhone = "UIInterfaceOrientationPortrait UIInterfaceOrientationLandscapeLeft UIInterfaceOrientationLandscapeRight";
				LD_RUNPATH_SEARCH_PATHS = (
					"$(inherited)",
					"@executable_path/Frameworks",
				);
				MARKETING_VERSION = 1.0;
				PRODUCT_BUNDLE_IDENTIFIER = "nl.karma.kebab.Employee-Management";
				PRODUCT_NAME = "$(TARGET_NAME)";
				SWIFT_EMIT_LOC_STRINGS = YES;
				SWIFT_VERSION = 5.0;
				TARGETED_DEVICE_FAMILY = "1,2";
			};
			name = Debug;
		};
		84DA9A402CE60EA500B9B713 /* Release */ = {
			isa = XCBuildConfiguration;
			buildSettings = {
				ASSETCATALOG_COMPILER_APPICON_NAME = AppIcon;
				ASSETCATALOG_COMPILER_GLOBAL_ACCENT_COLOR_NAME = AccentColor;
				CODE_SIGN_STYLE = Automatic;
				CURRENT_PROJECT_VERSION = 1;
				DEVELOPMENT_ASSET_PATHS = "\"Employee Management/Preview Content\"";
				DEVELOPMENT_TEAM = K9DS5J87JJ;
				ENABLE_PREVIEWS = YES;
				GENERATE_INFOPLIST_FILE = YES;
				INFOPLIST_FILE = "Employee-Management-Info.plist";
				INFOPLIST_KEY_UIApplicationSceneManifest_Generation = YES;
				INFOPLIST_KEY_UIApplicationSupportsIndirectInputEvents = YES;
				INFOPLIST_KEY_UILaunchScreen_Generation = YES;
				INFOPLIST_KEY_UISupportedInterfaceOrientations_iPad = "UIInterfaceOrientationPortrait UIInterfaceOrientationPortraitUpsideDown UIInterfaceOrientationLandscapeLeft UIInterfaceOrientationLandscapeRight";
				INFOPLIST_KEY_UISupportedInterfaceOrientations_iPhone = "UIInterfaceOrientationPortrait UIInterfaceOrientationLandscapeLeft UIInterfaceOrientationLandscapeRight";
				LD_RUNPATH_SEARCH_PATHS = (
					"$(inherited)",
					"@executable_path/Frameworks",
				);
				MARKETING_VERSION = 1.0;
				PRODUCT_BUNDLE_IDENTIFIER = "nl.karma.kebab.Employee-Management";
				PRODUCT_NAME = "$(TARGET_NAME)";
				SWIFT_EMIT_LOC_STRINGS = YES;
				SWIFT_VERSION = 5.0;
				TARGETED_DEVICE_FAMILY = "1,2";
			};
			name = Release;
		};
/* End XCBuildConfiguration section */

/* Begin XCConfigurationList section */
		84DA9A2B2CE60EA400B9B713 /* Build configuration list for PBXProject "Employee Management" */ = {
			isa = XCConfigurationList;
			buildConfigurations = (
				84DA9A3C2CE60EA500B9B713 /* Debug */,
				84DA9A3D2CE60EA500B9B713 /* Release */,
			);
			defaultConfigurationIsVisible = 0;
			defaultConfigurationName = Release;
		};
		84DA9A3E2CE60EA500B9B713 /* Build configuration list for PBXNativeTarget "Employee Management" */ = {
			isa = XCConfigurationList;
			buildConfigurations = (
				84DA9A3F2CE60EA500B9B713 /* Debug */,
				84DA9A402CE60EA500B9B713 /* Release */,
			);
			defaultConfigurationIsVisible = 0;
			defaultConfigurationName = Release;
		};
/* End XCConfigurationList section */
	};
	rootObject = 84DA9A282CE60EA400B9B713 /* Project object */;
}
